# THIS IS AN AUTOGENERATED FILE. DO NOT EDIT THIS FILE DIRECTLY.
# yarn lockfile v1


"@babel/runtime@^7.15.4":
  version "7.22.5"
  resolved "https://registry.yarnpkg.com/@babel/runtime/-/runtime-7.22.5.tgz#8564dd588182ce0047d55d7a75e93921107b57ec"
  integrity sha512-ecjvYlnAaZ/KVneE/OdKYBYfgXV3Ptu6zQWmgEF7vwKhQnvVS6bjMD2XYgj+SNvQ1GfK/pjgokfPkC/2CO8CuA==
  dependencies:
    regenerator-runtime "^0.13.11"

"@devcycle/devcycle-js-sdk@1.11.1":
  version "1.11.1"
  resolved "https://registry.yarnpkg.com/@devcycle/devcycle-js-sdk/-/devcycle-js-sdk-1.11.1.tgz#6ef8f0999a9ee80123c02899623a465ceaa51f52"
  integrity sha512-6g351I1A6KA4Ww7BvWXo959hOLmPtYgsrzFnjwkbGWHAhKtE/q+JDy+GrRcslh1CMKs65ItNcUHs/L4G4PulhQ==
  dependencies:
    "@devcycle/types" "1.1.3"
    "@nestjs/class-validator" "^0.13.4"
    axios "^0.27.2"
    axios-retry "^3.3.1"
    class-transformer "0.5.1"
    iso-639-1 "^2.1.13"
    lodash "^4.17.21"
    reflect-metadata "^0.1.13"
    ua-parser-js "^1.0.2"
    uuid "^8.3.2"

"@devcycle/devcycle-react-sdk@1.9.4":
  version "1.9.4"
  resolved "https://registry.yarnpkg.com/@devcycle/devcycle-react-sdk/-/devcycle-react-sdk-1.9.4.tgz#65c355b96134d508beff5bf6271a2d1977679c12"
  integrity sha512-d2YDW7TtZn+wxq2Qxr8fIQoMGqEvlOLj5DapeQ79sl3AXrGiDgNY5tbVcgR/uDcapqcGSdH3Hc6aOoIq+7LAFw==
  dependencies:
    "@devcycle/devcycle-js-sdk" "1.11.1"
    "@devcycle/types" "1.1.3"
    hoist-non-react-statics "^3.3.2"

"@devcycle/types@1.1.3":
  version "1.1.3"
  resolved "https://registry.yarnpkg.com/@devcycle/types/-/types-1.1.3.tgz#222514b47ec457d89db4312814cb0a1120fe064f"
  integrity sha512-QQZXtqEJzklow2SR9JT7kLb4A82NnAuFwz2mUJUbBP3ZUHtwE7SF6quJK6Wp4y1aB07w37RT26hRwyN28W3sdw==
  dependencies:
    "@nestjs/class-validator" "^0.13.4"
    "@types/validator" "13.7.6"
    class-transformer "0.5.1"
    iso-639-1 "^2.1.13"
    lodash "^4.17.21"
    reflect-metadata "^0.1.13"

"@nestjs/class-validator@^0.13.4":
  version "0.13.4"
  resolved "https://registry.yarnpkg.com/@nestjs/class-validator/-/class-validator-0.13.4.tgz#6dc574681cecad2eadd749489999739992fb781f"
  integrity sha512-/mqZL36LJ5uV5WDhi87Cd52IssuO+SStaOr2+6sBsvCCGUWkoJes4Wwzmm3m/gdHH+tsNxX60sVSzYcU6hAy9Q==
  dependencies:
    libphonenumber-js "^1.9.43"
    validator "^13.7.0"

"@types/validator@13.7.6":
  version "13.7.6"
  resolved "https://registry.yarnpkg.com/@types/validator/-/validator-13.7.6.tgz#631f1acd15cbac9cb0a114da7e87575f1c95b46a"
  integrity sha512-uBsnWETsUagQ0n6G2wcXNIufpTNJir0zqzG4p62fhnwzs48d/iuOWEEo0d3iUxN7D+9R/8CSvWGKS+KmaD0mWA==

asynckit@^0.4.0:
  version "0.4.0"
  resolved "https://registry.yarnpkg.com/asynckit/-/asynckit-0.4.0.tgz#c79ed97f7f34cb8f2ba1bc9790bcc366474b4b79"
  integrity sha512-Oei9OH4tRh0YqU3GxhX79dM/mwVgvbZJaSNaRk+bshkj0S5cfHcgYakreBjrHwatXKbz+IoIdYLxrKim2MjW0Q==

axios-retry@^3.3.1:
  version "3.5.0"
  resolved "https://registry.yarnpkg.com/axios-retry/-/axios-retry-3.5.0.tgz#32206b3e6555169488eded232527e36c8ce6e545"
  integrity sha512-g48qNrLX30VU6ECWltpFCPegKK6dWzMDYv2o83W2zUL/Zh/SLXbT6ksGoKqYZHtghzqeeXhZBcSXJkO1fPbCcw==
  dependencies:
    "@babel/runtime" "^7.15.4"
    is-retry-allowed "^2.2.0"

axios@^0.27.2:
  version "0.27.2"
  resolved "https://registry.yarnpkg.com/axios/-/axios-0.27.2.tgz#207658cc8621606e586c85db4b41a750e756d972"
  integrity sha512-t+yRIyySRTp/wua5xEr+z1q60QmLq8ABsS5O9Me1AsE5dfKqgnCFzwiCZZ/cGNd1lq4/7akDWMxdhVlucjmnOQ==
  dependencies:
    follow-redirects "^1.14.9"
    form-data "^4.0.0"

class-transformer@0.5.1:
  version "0.5.1"
  resolved "https://registry.yarnpkg.com/class-transformer/-/class-transformer-0.5.1.tgz#24147d5dffd2a6cea930a3250a677addf96ab336"
  integrity sha512-SQa1Ws6hUbfC98vKGxZH3KFY0Y1lm5Zm0SY8XX9zbK7FJCyVEac3ATW0RIpwzW+oOfmHE5PMPufDG9hCfoEOMw==

combined-stream@^1.0.8:
  version "1.0.8"
  resolved "https://registry.yarnpkg.com/combined-stream/-/combined-stream-1.0.8.tgz#c3d45a8b34fd730631a110a8a2520682b31d5a7f"
  integrity sha512-FQN4MRfuJeHf7cBbBMJFXhKSDq+2kAArBlmRBvcvFE5BB1HZKXtSFASDhdlz9zOYwxh8lDdnvmMOe/+5cdoEdg==
  dependencies:
    delayed-stream "~1.0.0"

delayed-stream@~1.0.0:
  version "1.0.0"
  resolved "https://registry.yarnpkg.com/delayed-stream/-/delayed-stream-1.0.0.tgz#df3ae199acadfb7d440aaae0b29e2272b24ec619"
  integrity sha512-ZySD7Nf91aLB0RxL4KGrKHBXl7Eds1DAmEdcoVawXnLD7SDhpNgtuII2aAkg7a7QS41jxPSZ17p4VdGnMHk3MQ==

follow-redirects@^1.14.9:
  version "1.15.2"
  resolved "https://registry.yarnpkg.com/follow-redirects/-/follow-redirects-1.15.2.tgz#b460864144ba63f2681096f274c4e57026da2c13"
  integrity sha512-VQLG33o04KaQ8uYi2tVNbdrWp1QWxNNea+nmIB4EVM28v0hmP17z7aG1+wAkNzVq4KeXTq3221ye5qTJP91JwA==

form-data@^4.0.0:
  version "4.0.0"
  resolved "https://registry.yarnpkg.com/form-data/-/form-data-4.0.0.tgz#93919daeaf361ee529584b9b31664dc12c9fa452"
  integrity sha512-ETEklSGi5t0QMZuiXoA/Q6vcnxcLQP5vdugSpuAyi6SVGi2clPPp+xgEhuMaHC+zGgn31Kd235W35f7Hykkaww==
  dependencies:
    asynckit "^0.4.0"
    combined-stream "^1.0.8"
    mime-types "^2.1.12"

hoist-non-react-statics@^3.3.2:
  version "3.3.2"
  resolved "https://registry.yarnpkg.com/hoist-non-react-statics/-/hoist-non-react-statics-3.3.2.tgz#ece0acaf71d62c2969c2ec59feff42a4b1a85b45"
  integrity sha512-/gGivxi8JPKWNm/W0jSmzcMPpfpPLc3dY/6GxhX2hQ9iGj3aDfklV4ET7NjKpSinLpJ5vafa9iiGIEZg10SfBw==
  dependencies:
    react-is "^16.7.0"

is-retry-allowed@^2.2.0:
  version "2.2.0"
  resolved "https://registry.yarnpkg.com/is-retry-allowed/-/is-retry-allowed-2.2.0.tgz#88f34cbd236e043e71b6932d09b0c65fb7b4d71d"
  integrity sha512-XVm7LOeLpTW4jV19QSH38vkswxoLud8sQ57YwJVTPWdiaI9I8keEhGFpBlslyVsgdQy4Opg8QOLb8YRgsyZiQg==

iso-639-1@^2.1.13:
  version "2.1.15"
  resolved "https://registry.yarnpkg.com/iso-639-1/-/iso-639-1-2.1.15.tgz#20cf78a4f691aeb802c16f17a6bad7d99271e85d"
  integrity sha512-7c7mBznZu2ktfvyT582E2msM+Udc1EjOyhVRE/0ZsjD9LBtWSm23h3PtiRh2a35XoUsTQQjJXaJzuLjXsOdFDg==

libphonenumber-js@^1.9.43:
  version "1.10.34"
  resolved "https://registry.yarnpkg.com/libphonenumber-js/-/libphonenumber-js-1.10.34.tgz#63374bb988688ac28b03ed6c4b344d412199d56c"
  integrity sha512-p6g4NaQH4gK1gre32+kV14Mk6GPo2EDcPDvjbi+D2ycsPFsN4gVWNbs0itdHLZqByg6YEK8mE7OeP200I/ScTQ==

lodash@^4.17.21:
  version "4.17.21"
  resolved "https://registry.yarnpkg.com/lodash/-/lodash-4.17.21.tgz#679591c564c3bffaae8454cf0b3df370c3d6911c"
  integrity sha512-v2kDEe57lecTulaDIuNTPy3Ry4gLGJ6Z1O3vE1krgXZNrsQ+LFTGHVxVjcXPs17LhbZVGedAJv8XZ1tvj5FvSg==

mime-db@1.52.0:
  version "1.52.0"
  resolved "https://registry.yarnpkg.com/mime-db/-/mime-db-1.52.0.tgz#bbabcdc02859f4987301c856e3387ce5ec43bf70"
  integrity sha512-sPU4uV7dYlvtWJxwwxHD0PuihVNiE7TyAbQ5SWxDCB9mUYvOgroQOwYQQOKPJ8CIbE+1ETVlOoK1UC2nU3gYvg==

mime-types@^2.1.12:
  version "2.1.35"
  resolved "https://registry.yarnpkg.com/mime-types/-/mime-types-2.1.35.tgz#381a871b62a734450660ae3deee44813f70d959a"
  integrity sha512-ZDY+bPm5zTTF+YpCrAU9nK0UgICYPT0QtT1NZWFv4s++TNkcgVaT0g6+4R2uI4MjQjzysHB1zxuWL50hzaeXiw==
  dependencies:
    mime-db "1.52.0"

react-is@^16.7.0:
  version "16.13.1"
  resolved "https://registry.yarnpkg.com/react-is/-/react-is-16.13.1.tgz#789729a4dc36de2999dc156dd6c1d9c18cea56a4"
  integrity sha512-24e6ynE2H+OKt4kqsOvNd8kBpV65zoxbA4BVsEOB3ARVWQki/DHzaUoC5KuON/BiccDaCCTZBuOcfZs70kR8bQ==

reflect-metadata@^0.1.13:
  version "0.1.13"
  resolved "https://registry.yarnpkg.com/reflect-metadata/-/reflect-metadata-0.1.13.tgz#67ae3ca57c972a2aa1642b10fe363fe32d49dc08"
  integrity sha512-Ts1Y/anZELhSsjMcU605fU9RE4Oi3p5ORujwbIKXfWa+0Zxs510Qrmrce5/Jowq3cHSZSJqBjypxmHarc+vEWg==

regenerator-runtime@^0.13.11:
  version "0.13.11"
  resolved "https://registry.yarnpkg.com/regenerator-runtime/-/regenerator-runtime-0.13.11.tgz#f6dca3e7ceec20590d07ada785636a90cdca17f9"
  integrity sha512-kY1AZVr2Ra+t+piVaJ4gxaFaReZVH40AKNo7UCX6W+dEwBo/2oZJzqfuN1qLq1oL45o56cPaTXELwrTh8Fpggg==

ua-parser-js@^1.0.2:
  version "1.0.35"
  resolved "https://registry.yarnpkg.com/ua-parser-js/-/ua-parser-js-1.0.35.tgz#c4ef44343bc3db0a3cbefdf21822f1b1fc1ab011"
  integrity sha512-fKnGuqmTBnIE+/KXSzCn4db8RTigUzw1AN0DmdU6hJovUTbYJKyqj+8Mt1c4VfRDnOVJnENmfYkIPZ946UrSAA==

uuid@^8.3.2:
  version "8.3.2"
  resolved "https://registry.yarnpkg.com/uuid/-/uuid-8.3.2.tgz#80d5b5ced271bb9af6c445f21a1a04c606cefbe2"
  integrity sha512-+NYs2QeMWy+GWFOEm9xnn6HCDp0l7QBD7ml8zLUmJ+93Q5NF0NocErnwkTkXVFNiX3/fpC6afS8Dhb/gz7R7eg==

validator@^13.7.0:
  version "13.9.0"
  resolved "https://registry.yarnpkg.com/validator/-/validator-13.9.0.tgz#33e7b85b604f3bbce9bb1a05d5c3e22e1c2ff855"
  integrity sha512-B+dGG8U3fdtM0/aNK4/X8CXq/EcxU2WPrPEkJGslb47qyHsxmbggTWK0yEA4qnYVNF+nxNlN88o14hIcPmSIEA==
